
Microsoft Visual Studio Solution File, Format Version 12.00
# Visual Studio Version 17
VisualStudioVersion = 17.5.002.0
MinimumVisualStudioVersion = 10.0.40219.1
Project("{9A19103F-16F7-4668-BE54-9A1E7A4F7556}") = "SimpleApp", "SimpleApp.csproj", "{6B34B70B-0CBC-4F09-B639-12429AE7D828}"
EndProject
Global
	GlobalSection(SolutionConfigurationPlatforms) = preSolution
		Debug|Any CPU = Debug|Any CPU
		Release|Any CPU = Release|Any CPU
	EndGlobalSection
	GlobalSection(ProjectConfigurationPlatforms) = postSolution
		{6B34B70B-0CBC-4F09-B639-12429AE7D828}.Debug|Any CPU.ActiveCfg = Debug|Any CPU
		{6B34B70B-0CBC-4F09-B639-12429AE7D828}.Debug|Any CPU.Build.0 = Debug|Any CPU
		{6B34B70B-0CBC-4F09-B639-12429AE7D828}.Release|Any CPU.ActiveCfg = Release|Any CPU
		{6B34B70B-0CBC-4F09-B639-12429AE7D828}.Release|Any CPU.Build.0 = Release|Any CPU
	EndGlobalSection
	GlobalSection(SolutionProperties) = preSolution
		HideSolutionNode = FALSE
	EndGlobalSection
	GlobalSection(ExtensibilityGlobals) = postSolution
		SolutionGuid = {E02D0763-B9DC-48D3-8133-0C732E8F968A}
	EndGlobalSection
EndGlobal
